# This file is generated by running "yarn install" inside your project.
# Manual changes might be lost - proceed with caution!

__metadata:
  version: 4

"repl.history@workspace:.":
  version: 0.0.0-use.local
  resolution: "repl.history@workspace:."
  bin:
    repl.history: ./bin/repl.history
  languageName: unknown
  linkType: soft
